
Microsoft Visual Studio Solution File, Format Version 12.00
# Visual Studio 2015
Project("{FAE04EC0-301F-11D3-BF4B-00C04F79EFBC}") = "KFramework", "KFramework.csproj", "{94A5ACFF-09D6-BC18-A732-700C06F45F9C}"
EndProject
Project("{FAE04EC0-301F-11D3-BF4B-00C04F79EFBC}") = "KFramework.Editor", "KFramework.Editor.csproj", "{AC49F453-6D66-C523-F29D-B984141D6AC5}"
EndProject
Global
	GlobalSection(SolutionConfigurationPlatforms) = preSolution
		Debug|Any CPU = Debug|Any CPU
		Release|Any CPU = Release|Any CPU
	EndGlobalSection
	GlobalSection(ProjectConfigurationPlatforms) = postSolution
		{94A5ACFF-09D6-BC18-A732-700C06F45F9C}.Debug|Any CPU.ActiveCfg = Debug|Any CPU
		{94A5ACFF-09D6-BC18-A732-700C06F45F9C}.Debug|Any CPU.Build.0 = Debug|Any CPU
		{94A5ACFF-09D6-BC18-A732-700C06F45F9C}.Release|Any CPU.ActiveCfg = Release|Any CPU
		{94A5ACFF-09D6-BC18-A732-700C06F45F9C}.Release|Any CPU.Build.0 = Release|Any CPU
		{AC49F453-6D66-C523-F29D-B984141D6AC5}.Debug|Any CPU.ActiveCfg = Debug|Any CPU
		{AC49F453-6D66-C523-F29D-B984141D6AC5}.Debug|Any CPU.Build.0 = Debug|Any CPU
		{AC49F453-6D66-C523-F29D-B984141D6AC5}.Release|Any CPU.ActiveCfg = Release|Any CPU
		{AC49F453-6D66-C523-F29D-B984141D6AC5}.Release|Any CPU.Build.0 = Release|Any CPU
	EndGlobalSection
	GlobalSection(SolutionProperties) = preSolution
		HideSolutionNode = FALSE
	EndGlobalSection
EndGlobal
